
Microsoft Visual Studio Solution File, Format Version 12.00
# Visual Studio Version 16
VisualStudioVersion = 16.0.31829.152
MinimumVisualStudioVersion = 10.0.40219.1
Project("{9A19103F-16F7-4668-BE54-9A1E7A4F7556}") = "CarRentalManagementv2.Server", "Server\CarRentalManagementv2.Server.csproj", "{B239B83B-BFBB-42F1-AF14-8F615D5914C7}"
EndProject
Project("{9A19103F-16F7-4668-BE54-9A1E7A4F7556}") = "CarRentalManagementv2.Client", "Client\CarRentalManagementv2.Client.csproj", "{27193EFF-0CB8-47D0-9194-E2B716391CCA}"
EndProject
Project("{9A19103F-16F7-4668-BE54-9A1E7A4F7556}") = "CarRentalManagementv2.Shared", "Shared\CarRentalManagementv2.Shared.csproj", "{E5DF8A00-4617-4EEE-914B-1D13650AE54B}"
EndProject
Global
	GlobalSection(SolutionConfigurationPlatforms) = preSolution
		Debug|Any CPU = Debug|Any CPU
		Release|Any CPU = Release|Any CPU
	EndGlobalSection
	GlobalSection(ProjectConfigurationPlatforms) = postSolution
		{B239B83B-BFBB-42F1-AF14-8F615D5914C7}.Debug|Any CPU.ActiveCfg = Debug|Any CPU
		{B239B83B-BFBB-42F1-AF14-8F615D5914C7}.Debug|Any CPU.Build.0 = Debug|Any CPU
		{B239B83B-BFBB-42F1-AF14-8F615D5914C7}.Release|Any CPU.ActiveCfg = Release|Any CPU
		{B239B83B-BFBB-42F1-AF14-8F615D5914C7}.Release|Any CPU.Build.0 = Release|Any CPU
		{27193EFF-0CB8-47D0-9194-E2B716391CCA}.Debug|Any CPU.ActiveCfg = Debug|Any CPU
		{27193EFF-0CB8-47D0-9194-E2B716391CCA}.Debug|Any CPU.Build.0 = Debug|Any CPU
		{27193EFF-0CB8-47D0-9194-E2B716391CCA}.Release|Any CPU.ActiveCfg = Release|Any CPU
		{27193EFF-0CB8-47D0-9194-E2B716391CCA}.Release|Any CPU.Build.0 = Release|Any CPU
		{E5DF8A00-4617-4EEE-914B-1D13650AE54B}.Debug|Any CPU.ActiveCfg = Debug|Any CPU
		{E5DF8A00-4617-4EEE-914B-1D13650AE54B}.Debug|Any CPU.Build.0 = Debug|Any CPU
		{E5DF8A00-4617-4EEE-914B-1D13650AE54B}.Release|Any CPU.ActiveCfg = Release|Any CPU
		{E5DF8A00-4617-4EEE-914B-1D13650AE54B}.Release|Any CPU.Build.0 = Release|Any CPU
	EndGlobalSection
	GlobalSection(SolutionProperties) = preSolution
		HideSolutionNode = FALSE
	EndGlobalSection
	GlobalSection(ExtensibilityGlobals) = postSolution
		SolutionGuid = {3552F2FA-3DDD-4853-94FC-C073BCF6FA46}
	EndGlobalSection
EndGlobal
